PODS:
  - Masonry (1.1.0)
  - WyzPodTest (1.0.1):
    - Masonry

DEPENDENCIES:
  - WyzPodTest (from `../`)

SPEC REPOS:
  trunk:
    - Masonry

EXTERNAL SOURCES:
  WyzPodTest:
    :path: "../"

SPEC CHECKSUMS:
  Masonry: 678fab65091a9290e40e2832a55e7ab731aad201
  WyzPodTest: c9f17e0ce0a24ca0681995497ced0feb55b59ced

PODFILE CHECKSUM: 4ef242eb0994639b6e4aef02ba02d5f82d942824

COCOAPODS: 1.10.0
